
Microsoft Visual Studio Solution File, Format Version 12.00
# Visual Studio 15
Project("{2150E333-8FDC-42A3-9474-1A3956D46DE8}") = "Solution Items", "Solution Items", "{9AA9CFFE-DBCF-4683-8CF3-E8AD92686B19}"
	ProjectSection(SolutionItems) = preProject
		LICENSE.txt = LICENSE.txt
	EndProjectSection
EndProject
Project("{FAE04EC0-301F-11D3-BF4B-00C04F79EFBC}") = "Optimazation", "Optimazation\Optimazation.csproj", "{7B28BF61-7828-445D-B797-C848D9E616A0}"
EndProject
Global
	GlobalSection(SolutionConfigurationPlatforms) = preSolution
		Debug|Any CPU = Debug|Any CPU
		Release|Any CPU = Release|Any CPU
	EndGlobalSection
	GlobalSection(ProjectConfigurationPlatforms) = postSolution
		{7B28BF61-7828-445D-B797-C848D9E616A0}.Debug|Any CPU.ActiveCfg = Debug|Any CPU
		{7B28BF61-7828-445D-B797-C848D9E616A0}.Debug|Any CPU.Build.0 = Debug|Any CPU
		{7B28BF61-7828-445D-B797-C848D9E616A0}.Release|Any CPU.ActiveCfg = Release|Any CPU
		{7B28BF61-7828-445D-B797-C848D9E616A0}.Release|Any CPU.Build.0 = Release|Any CPU
	EndGlobalSection
	GlobalSection(MonoDevelopProperties) = preSolution
		Policies = $0
		$0.VersionControlPolicy = $1
	EndGlobalSection
EndGlobal
